
Microsoft Visual Studio Solution File, Format Version 12.00
# Visual Studio Version 17
VisualStudioVersion = 17.7.34031.279
MinimumVisualStudioVersion = 10.0.40219.1
Project("{2150E333-8FDC-42A3-9474-1A3956D46DE8}") = "Enterprise Business Rules", "Enterprise Business Rules", "{08D1659C-B6AB-415E-BE5F-099E06721555}"
EndProject
Project("{FAE04EC0-301F-11D3-BF4B-00C04F79EFBC}") = "LatinoNet.Entities", "LatinoNet.Entities\LatinoNet.Entities.csproj", "{57382909-5192-4FCA-9A8D-2BB87E9E4CBF}"
EndProject
Project("{2150E333-8FDC-42A3-9474-1A3956D46DE8}") = "Interface Adapters", "Interface Adapters", "{3C765777-8F30-4A64-BBEB-9145FFC524EC}"
EndProject
Project("{2150E333-8FDC-42A3-9474-1A3956D46DE8}") = "Gateways", "Gateways", "{0594B9D1-2EB1-4525-920C-C14B06E0C6E4}"
EndProject
Project("{FAE04EC0-301F-11D3-BF4B-00C04F79EFBC}") = "LatinoNet.RepositoryEFCore", "LatinoNet.RepositoryEFCore\LatinoNet.RepositoryEFCore.csproj", "{39F3B860-6921-4B14-B8DD-13251159E3CA}"
EndProject
Project("{2150E333-8FDC-42A3-9474-1A3956D46DE8}") = "Application Business Rules", "Application Business Rules", "{2AC1F1AA-A80E-458F-8C1B-319A477059EA}"
EndProject
Project("{FAE04EC0-301F-11D3-BF4B-00C04F79EFBC}") = "LatinoNet.DTOs", "LatinoNet.DTOs\LatinoNet.DTOs.csproj", "{7FF46614-A54C-4BEC-B9F7-E7E88C15F689}"
EndProject
Project("{FAE04EC0-301F-11D3-BF4B-00C04F79EFBC}") = "LatinoNet.UseCasesPorts", "LatinoNet.UseCasesPorts\LatinoNet.UseCasesPorts.csproj", "{D50A03AB-C298-4473-8CAD-7F8EC4CA0B09}"
EndProject
Project("{FAE04EC0-301F-11D3-BF4B-00C04F79EFBC}") = "LatinoNet.UseCases", "LatinoNet.UseCases\LatinoNet.UseCases.csproj", "{C23EC51A-B8B4-423E-912C-357ACC01F7F4}"
EndProject
Project("{2150E333-8FDC-42A3-9474-1A3956D46DE8}") = "Presenters", "Presenters", "{91A64342-EA06-415F-A93B-6826D4D5247F}"
EndProject
Project("{FAE04EC0-301F-11D3-BF4B-00C04F79EFBC}") = "LatinoNet.Presenters", "LatinoNet.Presenters\LatinoNet.Presenters.csproj", "{5A27660A-50AD-40E9-B279-60AFC1D61CC8}"
EndProject
Project("{2150E333-8FDC-42A3-9474-1A3956D46DE8}") = "Controllers", "Controllers", "{50031688-8696-403A-AF1D-4583A394F2F5}"
EndProject
Project("{FAE04EC0-301F-11D3-BF4B-00C04F79EFBC}") = "LatinoNet.Controllers", "LatinoNet.Controllers\LatinoNet.Controllers.csproj", "{41914142-2FCB-498F-A977-523835C4E963}"
EndProject
Project("{FAE04EC0-301F-11D3-BF4B-00C04F79EFBC}") = "LatinoNet.IoC", "LatinoNet.IoC\LatinoNet.IoC.csproj", "{2E5D8DB6-4C4B-4A75-9431-6D4921B0332C}"
EndProject
Project("{2150E333-8FDC-42A3-9474-1A3956D46DE8}") = "Frameworks And Drivers", "Frameworks And Drivers", "{ADE1D86F-E295-4EBE-9523-4CC2D0C97E42}"
EndProject
Project("{2150E333-8FDC-42A3-9474-1A3956D46DE8}") = "UIs", "UIs", "{F1975EB7-63C6-4B4B-BFB1-AEAEDF0FE640}"
EndProject
Project("{FAE04EC0-301F-11D3-BF4B-00C04F79EFBC}") = "LatinoNet.Api", "LatinoNet.Api\LatinoNet.Api.csproj", "{F8028E4E-5B07-427B-951B-C61D61EC5A31}"
EndProject
Global
	GlobalSection(SolutionConfigurationPlatforms) = preSolution
		Debug|Any CPU = Debug|Any CPU
		Release|Any CPU = Release|Any CPU
	EndGlobalSection
	GlobalSection(ProjectConfigurationPlatforms) = postSolution
		{57382909-5192-4FCA-9A8D-2BB87E9E4CBF}.Debug|Any CPU.ActiveCfg = Debug|Any CPU
		{57382909-5192-4FCA-9A8D-2BB87E9E4CBF}.Debug|Any CPU.Build.0 = Debug|Any CPU
		{57382909-5192-4FCA-9A8D-2BB87E9E4CBF}.Release|Any CPU.ActiveCfg = Release|Any CPU
		{57382909-5192-4FCA-9A8D-2BB87E9E4CBF}.Release|Any CPU.Build.0 = Release|Any CPU
		{39F3B860-6921-4B14-B8DD-13251159E3CA}.Debug|Any CPU.ActiveCfg = Debug|Any CPU
		{39F3B860-6921-4B14-B8DD-13251159E3CA}.Debug|Any CPU.Build.0 = Debug|Any CPU
		{39F3B860-6921-4B14-B8DD-13251159E3CA}.Release|Any CPU.ActiveCfg = Release|Any CPU
		{39F3B860-6921-4B14-B8DD-13251159E3CA}.Release|Any CPU.Build.0 = Release|Any CPU
		{7FF46614-A54C-4BEC-B9F7-E7E88C15F689}.Debug|Any CPU.ActiveCfg = Debug|Any CPU
		{7FF46614-A54C-4BEC-B9F7-E7E88C15F689}.Debug|Any CPU.Build.0 = Debug|Any CPU
		{7FF46614-A54C-4BEC-B9F7-E7E88C15F689}.Release|Any CPU.ActiveCfg = Release|Any CPU
		{7FF46614-A54C-4BEC-B9F7-E7E88C15F689}.Release|Any CPU.Build.0 = Release|Any CPU
		{D50A03AB-C298-4473-8CAD-7F8EC4CA0B09}.Debug|Any CPU.ActiveCfg = Debug|Any CPU
		{D50A03AB-C298-4473-8CAD-7F8EC4CA0B09}.Debug|Any CPU.Build.0 = Debug|Any CPU
		{D50A03AB-C298-4473-8CAD-7F8EC4CA0B09}.Release|Any CPU.ActiveCfg = Release|Any CPU
		{D50A03AB-C298-4473-8CAD-7F8EC4CA0B09}.Release|Any CPU.Build.0 = Release|Any CPU
		{C23EC51A-B8B4-423E-912C-357ACC01F7F4}.Debug|Any CPU.ActiveCfg = Debug|Any CPU
		{C23EC51A-B8B4-423E-912C-357ACC01F7F4}.Debug|Any CPU.Build.0 = Debug|Any CPU
		{C23EC51A-B8B4-423E-912C-357ACC01F7F4}.Release|Any CPU.ActiveCfg = Release|Any CPU
		{C23EC51A-B8B4-423E-912C-357ACC01F7F4}.Release|Any CPU.Build.0 = Release|Any CPU
		{5A27660A-50AD-40E9-B279-60AFC1D61CC8}.Debug|Any CPU.ActiveCfg = Debug|Any CPU
		{5A27660A-50AD-40E9-B279-60AFC1D61CC8}.Debug|Any CPU.Build.0 = Debug|Any CPU
		{5A27660A-50AD-40E9-B279-60AFC1D61CC8}.Release|Any CPU.ActiveCfg = Release|Any CPU
		{5A27660A-50AD-40E9-B279-60AFC1D61CC8}.Release|Any CPU.Build.0 = Release|Any CPU
		{41914142-2FCB-498F-A977-523835C4E963}.Debug|Any CPU.ActiveCfg = Debug|Any CPU
		{41914142-2FCB-498F-A977-523835C4E963}.Debug|Any CPU.Build.0 = Debug|Any CPU
		{41914142-2FCB-498F-A977-523835C4E963}.Release|Any CPU.ActiveCfg = Release|Any CPU
		{41914142-2FCB-498F-A977-523835C4E963}.Release|Any CPU.Build.0 = Release|Any CPU
		{2E5D8DB6-4C4B-4A75-9431-6D4921B0332C}.Debug|Any CPU.ActiveCfg = Debug|Any CPU
		{2E5D8DB6-4C4B-4A75-9431-6D4921B0332C}.Debug|Any CPU.Build.0 = Debug|Any CPU
		{2E5D8DB6-4C4B-4A75-9431-6D4921B0332C}.Release|Any CPU.ActiveCfg = Release|Any CPU
		{2E5D8DB6-4C4B-4A75-9431-6D4921B0332C}.Release|Any CPU.Build.0 = Release|Any CPU
		{F8028E4E-5B07-427B-951B-C61D61EC5A31}.Debug|Any CPU.ActiveCfg = Debug|Any CPU
		{F8028E4E-5B07-427B-951B-C61D61EC5A31}.Debug|Any CPU.Build.0 = Debug|Any CPU
		{F8028E4E-5B07-427B-951B-C61D61EC5A31}.Release|Any CPU.ActiveCfg = Release|Any CPU
		{F8028E4E-5B07-427B-951B-C61D61EC5A31}.Release|Any CPU.Build.0 = Release|Any CPU
	EndGlobalSection
	GlobalSection(SolutionProperties) = preSolution
		HideSolutionNode = FALSE
	EndGlobalSection
	GlobalSection(NestedProjects) = preSolution
		{57382909-5192-4FCA-9A8D-2BB87E9E4CBF} = {08D1659C-B6AB-415E-BE5F-099E06721555}
		{0594B9D1-2EB1-4525-920C-C14B06E0C6E4} = {3C765777-8F30-4A64-BBEB-9145FFC524EC}
		{39F3B860-6921-4B14-B8DD-13251159E3CA} = {0594B9D1-2EB1-4525-920C-C14B06E0C6E4}
		{7FF46614-A54C-4BEC-B9F7-E7E88C15F689} = {2AC1F1AA-A80E-458F-8C1B-319A477059EA}
		{D50A03AB-C298-4473-8CAD-7F8EC4CA0B09} = {2AC1F1AA-A80E-458F-8C1B-319A477059EA}
		{C23EC51A-B8B4-423E-912C-357ACC01F7F4} = {2AC1F1AA-A80E-458F-8C1B-319A477059EA}
		{91A64342-EA06-415F-A93B-6826D4D5247F} = {3C765777-8F30-4A64-BBEB-9145FFC524EC}
		{5A27660A-50AD-40E9-B279-60AFC1D61CC8} = {91A64342-EA06-415F-A93B-6826D4D5247F}
		{50031688-8696-403A-AF1D-4583A394F2F5} = {3C765777-8F30-4A64-BBEB-9145FFC524EC}
		{41914142-2FCB-498F-A977-523835C4E963} = {50031688-8696-403A-AF1D-4583A394F2F5}
		{2E5D8DB6-4C4B-4A75-9431-6D4921B0332C} = {0594B9D1-2EB1-4525-920C-C14B06E0C6E4}
		{F1975EB7-63C6-4B4B-BFB1-AEAEDF0FE640} = {ADE1D86F-E295-4EBE-9523-4CC2D0C97E42}
		{F8028E4E-5B07-427B-951B-C61D61EC5A31} = {F1975EB7-63C6-4B4B-BFB1-AEAEDF0FE640}
	EndGlobalSection
	GlobalSection(ExtensibilityGlobals) = postSolution
		SolutionGuid = {BEDAC085-9E59-4BE7-8461-B1406B19639F}
	EndGlobalSection
EndGlobal
